{
    "_readme": [
        "This file locks the dependencies of your project to a known state",
        "Read more about it at https://getcomposer.org/doc/01-basic-usage.md#installing-dependencies",
        "This file is @generated automatically"
    ],
    "content-hash": "e6228db0d4202034c5f47cc1e146298e",
    "packages": [
        {
            "name": "halaxa/json-machine",
            "version": "1.1.3",
            "source": {
                "type": "git",
                "url": "https://github.com/halaxa/json-machine.git",
                "reference": "514025c5ebbdb8a058745b573b4a1e81d685802c"
            },
            "dist": {
                "type": "zip",
                "url": "https://api.github.com/repos/halaxa/json-machine/zipball/514025c5ebbdb8a058745b573b4a1e81d685802c",
                "reference": "514025c5ebbdb8a058745b573b4a1e81d685802c",
                "shasum": ""
            },
            "require": {
                "php": ">=7.0"
            },
            "require-dev": {
                "ext-json": "*",
                "friendsofphp/php-cs-fixer": "^3.0",
                "phpunit/phpunit": "^8.0"
            },
            "suggest": {
                "ext-json": "To run JSON Machine out of the box without custom decoders.",
                "guzzlehttp/guzzle": "To run example with GuzzleHttp"
            },
            "type": "library",
            "autoload": {
                "psr-4": {
                    "JsonMachine\\": "src/"
                },
                "exclude-from-classmap": [
                    "src/autoloader.php"
                ]
            },
            "notification-url": "https://packagist.org/downloads/",
            "license": [
                "Apache-2.0"
            ],
            "authors": [
                {
                    "name": "Filip Halaxa",
                    "email": "filip@halaxa.cz"
                }
            ],
            "description": "Efficient, easy-to-use and fast JSON pull parser",
            "support": {
                "issues": "https://github.com/halaxa/json-machine/issues",
                "source": "https://github.com/halaxa/json-machine/tree/1.1.3"
            },
            "funding": [
                {
                    "url": "https://ko-fi.com/G2G57KTE4",
                    "type": "other"
                }
            ],
            "time": "2022-10-12T11:40:33+00:00"
        },
        {
            "name": "josantonius/json",
            "version": "v2.0.8",
            "source": {
                "type": "git",
                "url": "https://github.com/josantonius/php-json.git",
                "reference": "617c10650ba03597b4294e1c4984f27df20958ef"
            },
            "dist": {
                "type": "zip",
                "url": "https://api.github.com/repos/josantonius/php-json/zipball/617c10650ba03597b4294e1c4984f27df20958ef",
                "reference": "617c10650ba03597b4294e1c4984f27df20958ef",
                "shasum": ""
            },
            "require": {
                "php": "^8.1"
            },
            "require-dev": {
                "phpmd/phpmd": "^2.6",
                "phpunit/phpunit": "^9.5",
                "squizlabs/php_codesniffer": "^3.7"
            },
            "type": "library",
            "extra": {
                "branch-alias": {
                    "dev-master": "1.0-dev"
                }
            },
            "autoload": {
                "psr-4": {
                    "Josantonius\\Json\\": "src/"
                }
            },
            "notification-url": "https://packagist.org/downloads/",
            "license": [
                "MIT"
            ],
            "authors": [
                {
                    "name": "Josantonius",
                    "email": "hello@josantonius.dev",
                    "homepage": "https://josantonius.dev",
                    "role": "Developer"
                }
            ],
            "description": "PHP simple library for managing Json files.",
            "keywords": [
                "array-to-file",
                "file-to-array",
                "json",
                "php"
            ],
            "support": {
                "discussions": "https://github.com/josantonius/php-json/discussions",
                "issues": "https://github.com/josantonius/php-json/issues",
                "source": "https://github.com/josantonius/php-json"
            },
            "funding": [
                {
                    "url": "https://github.com/Josantonius",
                    "type": "github"
                }
            ],
            "time": "2023-01-11T05:26:07+00:00"
        }
    ],
    "packages-dev": [],
    "aliases": [],
    "minimum-stability": "stable",
    "stability-flags": [],
    "prefer-stable": false,
    "prefer-lowest": false,
    "platform": [],
    "platform-dev": [],
    "plugin-api-version": "2.3.0"
}
